
Microsoft Visual Studio Solution File, Format Version 12.00
# Visual Studio Version 17
VisualStudioVersion = 17.14.36401.2 d17.14
MinimumVisualStudioVersion = 10.0.40219.1
Project("{FAE04EC0-301F-11D3-BF4B-00C04F79EFBC}") = "FCG.Functions", "FCG.Functions\FCG.Functions.csproj", "{90D010C3-8045-482C-B6C3-B6B8B52D90B7}"
EndProject
Global
	GlobalSection(SolutionConfigurationPlatforms) = preSolution
		Debug|Any CPU = Debug|Any CPU
		Release|Any CPU = Release|Any CPU
	EndGlobalSection
	GlobalSection(ProjectConfigurationPlatforms) = postSolution
		{90D010C3-8045-482C-B6C3-B6B8B52D90B7}.Debug|Any CPU.ActiveCfg = Debug|Any CPU
		{90D010C3-8045-482C-B6C3-B6B8B52D90B7}.Debug|Any CPU.Build.0 = Debug|Any CPU
		{90D010C3-8045-482C-B6C3-B6B8B52D90B7}.Release|Any CPU.ActiveCfg = Release|Any CPU
		{90D010C3-8045-482C-B6C3-B6B8B52D90B7}.Release|Any CPU.Build.0 = Release|Any CPU
	EndGlobalSection
	GlobalSection(SolutionProperties) = preSolution
		HideSolutionNode = FALSE
	EndGlobalSection
	GlobalSection(ExtensibilityGlobals) = postSolution
		SolutionGuid = {793BD392-20ED-4482-A109-1C6DD05BD5C8}
	EndGlobalSection
EndGlobal
